{
  "name": "electron-hello-world",
  "version": "0.0.1",
  "lockfileVersion": 1,
  "requires": true,
  "dependencies": {
    "bytenode": {
      "version": "1.3.5",
      "resolved": "https://registry.npmmirror.com/bytenode/-/bytenode-1.3.5.tgz",
      "integrity": "sha512-JLT4CYxBuBPiJ+Xr0KF9fgS8p3MxOwlRlFiEOBOelwqdrGdyUnM5t65AtcnYIiJgJlfV7HnLaVnDlph103mHUg==",
      "dev": true
    }
  }
}
